
Microsoft Visual Studio Solution File, Format Version 12.00
# Visual Studio 15
VisualStudioVersion = 15.0.26430.16
MinimumVisualStudioVersion = 10.0.40219.1
Project("{8BC9CEB8-8B4A-11D0-8D11-00A0C91BC942}") = "test", "test\test.vcxproj", "{C5F80730-F44F-4478-BDAE-6634EFC2CA88}"
EndProject
Project("{2150E333-8FDC-42A3-9474-1A3956D46DE8}") = "Solution Items", "Solution Items", "{A8A45A63-E7E1-4354-B819-2B6E8EAAF543}"
	ProjectSection(SolutionItems) = preProject
		Overview.txt = Overview.txt
	EndProjectSection
EndProject
Project("{8BC9CEB8-8B4A-11D0-8D11-00A0C91BC942}") = "Slave0", "Slave0\Slave0.vcxproj", "{9E0FCA16-C037-4B4F-B13C-B2830C132012}"
EndProject
Project("{8BC9CEB8-8B4A-11D0-8D11-00A0C91BC942}") = "Master0.2b", "Master0.2b\Master0.2b.vcxproj", "{B2337CD4-C0FB-46E8-AD3F-86B5C77C54F5}"
EndProject
Project("{8BC9CEB8-8B4A-11D0-8D11-00A0C91BC942}") = "MasterControl", "MasterControl\MasterControl.vcxproj", "{B42A4BA5-5163-4843-901A-DC0737EB68CA}"
EndProject
Project("{8BC9CEB8-8B4A-11D0-8D11-00A0C91BC942}") = "MasterAnalog", "MasterAnalog\MasterAnalog.vcxproj", "{55B43335-D78A-4688-A1DE-6E481D7CED07}"
EndProject
Project("{8BC9CEB8-8B4A-11D0-8D11-00A0C91BC942}") = "AjaxMultpleParams", "AjaxMultpleParams\AjaxMultpleParams.vcxproj", "{69DF4240-DCDD-4A79-80F3-B5686F1EEBD1}"
EndProject
Project("{8BC9CEB8-8B4A-11D0-8D11-00A0C91BC942}") = "Master1.0", "Master1.0\Master1.0.vcxproj", "{80E4D117-5CC2-4F05-9547-6AE3D6B1B996}"
EndProject
Project("{8BC9CEB8-8B4A-11D0-8D11-00A0C91BC942}") = "Master0.2msgFormatting", "Master0.2msgFormatting\Master0.2msgFormatting.vcxproj", "{2114F1AA-CF8C-4B66-9B07-C28490611246}"
EndProject
Global
	GlobalSection(SolutionConfigurationPlatforms) = preSolution
		Debug|x86 = Debug|x86
		Release|x86 = Release|x86
	EndGlobalSection
	GlobalSection(ProjectConfigurationPlatforms) = postSolution
		{C5F80730-F44F-4478-BDAE-6634EFC2CA88}.Debug|x86.ActiveCfg = Debug|Win32
		{C5F80730-F44F-4478-BDAE-6634EFC2CA88}.Debug|x86.Build.0 = Debug|Win32
		{C5F80730-F44F-4478-BDAE-6634EFC2CA88}.Release|x86.ActiveCfg = Release|Win32
		{C5F80730-F44F-4478-BDAE-6634EFC2CA88}.Release|x86.Build.0 = Release|Win32
		{9E0FCA16-C037-4B4F-B13C-B2830C132012}.Debug|x86.ActiveCfg = Debug|Win32
		{9E0FCA16-C037-4B4F-B13C-B2830C132012}.Debug|x86.Build.0 = Debug|Win32
		{9E0FCA16-C037-4B4F-B13C-B2830C132012}.Release|x86.ActiveCfg = Release|Win32
		{9E0FCA16-C037-4B4F-B13C-B2830C132012}.Release|x86.Build.0 = Release|Win32
		{B2337CD4-C0FB-46E8-AD3F-86B5C77C54F5}.Debug|x86.ActiveCfg = Debug|Win32
		{B2337CD4-C0FB-46E8-AD3F-86B5C77C54F5}.Debug|x86.Build.0 = Debug|Win32
		{B2337CD4-C0FB-46E8-AD3F-86B5C77C54F5}.Release|x86.ActiveCfg = Release|Win32
		{B2337CD4-C0FB-46E8-AD3F-86B5C77C54F5}.Release|x86.Build.0 = Release|Win32
		{B42A4BA5-5163-4843-901A-DC0737EB68CA}.Debug|x86.ActiveCfg = Debug|Win32
		{B42A4BA5-5163-4843-901A-DC0737EB68CA}.Debug|x86.Build.0 = Debug|Win32
		{B42A4BA5-5163-4843-901A-DC0737EB68CA}.Release|x86.ActiveCfg = Release|Win32
		{B42A4BA5-5163-4843-901A-DC0737EB68CA}.Release|x86.Build.0 = Release|Win32
		{55B43335-D78A-4688-A1DE-6E481D7CED07}.Debug|x86.ActiveCfg = Debug|Win32
		{55B43335-D78A-4688-A1DE-6E481D7CED07}.Debug|x86.Build.0 = Debug|Win32
		{55B43335-D78A-4688-A1DE-6E481D7CED07}.Release|x86.ActiveCfg = Release|Win32
		{55B43335-D78A-4688-A1DE-6E481D7CED07}.Release|x86.Build.0 = Release|Win32
		{69DF4240-DCDD-4A79-80F3-B5686F1EEBD1}.Debug|x86.ActiveCfg = Debug|Win32
		{69DF4240-DCDD-4A79-80F3-B5686F1EEBD1}.Debug|x86.Build.0 = Debug|Win32
		{69DF4240-DCDD-4A79-80F3-B5686F1EEBD1}.Release|x86.ActiveCfg = Release|Win32
		{69DF4240-DCDD-4A79-80F3-B5686F1EEBD1}.Release|x86.Build.0 = Release|Win32
		{80E4D117-5CC2-4F05-9547-6AE3D6B1B996}.Debug|x86.ActiveCfg = Debug|Win32
		{80E4D117-5CC2-4F05-9547-6AE3D6B1B996}.Debug|x86.Build.0 = Debug|Win32
		{80E4D117-5CC2-4F05-9547-6AE3D6B1B996}.Release|x86.ActiveCfg = Release|Win32
		{80E4D117-5CC2-4F05-9547-6AE3D6B1B996}.Release|x86.Build.0 = Release|Win32
		{2114F1AA-CF8C-4B66-9B07-C28490611246}.Debug|x86.ActiveCfg = Debug|Win32
		{2114F1AA-CF8C-4B66-9B07-C28490611246}.Debug|x86.Build.0 = Debug|Win32
		{2114F1AA-CF8C-4B66-9B07-C28490611246}.Release|x86.ActiveCfg = Release|Win32
		{2114F1AA-CF8C-4B66-9B07-C28490611246}.Release|x86.Build.0 = Release|Win32
	EndGlobalSection
	GlobalSection(SolutionProperties) = preSolution
		HideSolutionNode = FALSE
	EndGlobalSection
EndGlobal
